github.com/gorilla/mux v1.8.0 h1:i40aqfkR1h2SlN9hojwV5ZA91wcXFOvkdNIeFDP5koI=
github.com/gorilla/mux v1.8.0/go.mod h1:DVbg23sWSpFRCP0SfiEN6jmj59UnW/n46BH5rLB71So=
github.com/leemcloughlin/logfile v0.0.0-20201123203928-cff1c8a30a10 h1:u9y/Zac8wI/044pGaAx/rBgSkDWZ3ke3fkO/G9n/L/Q=
github.com/leemcloughlin/logfile v0.0.0-20201123203928-cff1c8a30a10/go.mod h1:4Zg3pQ6ieAWeBXbuiumGqLozM9slFT54ssmfXa2YfLI=
golang.org/x/sync v0.4.0 h1:zxkM55ReGkDlKSM+Fu41A+zmbZuaPVbGMzvvdUPznYQ=
golang.org/x/sync v0.4.0/go.mod h1:FU7BRWz2tNW+3quACPkgCx/L+uEAv1htQ0V83Z9Rj+Y=
